[[package]]
name = "evdev"
version = "1.4.0"
description = "Bindings to the Linux input handling subsystem"
category = "main"
optional = false
python-versions = "*"

[[package]]
name = "pynput"
version = "1.7.5"
description = "Monitor and control user input devices"
category = "main"
optional = false
python-versions = "*"

[package.dependencies]
evdev = {version = ">=1.3", markers = "sys_platform in \"linux\""}
pyobjc-framework-ApplicationServices = {version = ">=8.0", markers = "sys_platform == \"darwin\""}
pyobjc-framework-Quartz = {version = ">=8.0", markers = "sys_platform == \"darwin\""}
python-xlib = {version = ">=0.17", markers = "sys_platform in \"linux\""}
six = "*"

[[package]]
name = "pyobjc-core"
version = "8.0"
description = "Python<->ObjC Interoperability Module"
category = "main"
optional = false
python-versions = ">=3.6"

[[package]]
name = "pyobjc-framework-applicationservices"
version = "8.0"
description = "Wrappers for the framework ApplicationServices on macOS"
category = "main"
optional = false
python-versions = ">=3.6"

[package.dependencies]
pyobjc-core = ">=8.0"
pyobjc-framework-Cocoa = ">=8.0"
pyobjc-framework-Quartz = ">=8.0"

[[package]]
name = "pyobjc-framework-cocoa"
version = "8.0"
description = "Wrappers for the Cocoa frameworks on macOS"
category = "main"
optional = false
python-versions = ">=3.6"

[package.dependencies]
pyobjc-core = ">=8.0"

[[package]]
name = "pyobjc-framework-quartz"
version = "8.0"
description = "Wrappers for the Quartz frameworks on macOS"
category = "main"
optional = false
python-versions = ">=3.6"

[package.dependencies]
pyobjc-core = ">=8.0"
pyobjc-framework-Cocoa = ">=8.0"

[[package]]
name = "python-xlib"
version = "0.31"
description = "Python X Library"
category = "main"
optional = false
python-versions = "*"

[package.dependencies]
six = ">=1.10.0"

[[package]]
name = "six"
version = "1.16.0"
description = "Python 2 and 3 compatibility utilities"
category = "main"
optional = false
python-versions = ">=2.7, !=3.0.*, !=3.1.*, !=3.2.*"

[metadata]
lock-version = "1.1"
python-versions = "^3.8"
content-hash = "ce4d8a5626a6e924adff8eaefc107f5df37543a07967313ffc38811415a75ace"

[metadata.files]
evdev = [
    {file = "evdev-1.4.0.tar.gz", hash = "sha256:8782740eb1a86b187334c07feb5127d3faa0b236e113206dfe3ae8f77fb1aaf1"},
]
pynput = [
    {file = "pynput-1.7.5-py2.py3-none-any.whl", hash = "sha256:9c0b6bfd3462ac0234248f3b5a9809a66314e7da0fc3f799c8f29db4a17300dc"},
    {file = "pynput-1.7.5-py3.9.egg", hash = "sha256:235efd7a58ef7d3aab498aa0da998097bdd0ccae5777b2d23d307e32b67b3609"},
    {file = "pynput-1.7.5.tar.gz", hash = "sha256:e6b7926dd162a883ff16f38e01720a930bbf2509146c9f1cdcecddd25288fb6e"},
]
pyobjc-core = [
    {file = "pyobjc-core-8.0.tar.gz", hash = "sha256:4cd0735cdb7a7b959def0fe1769df74e0ab6de5ea1ca40f1464d2ac78b85326f"},
    {file = "pyobjc_core-8.0-cp310-cp310-macosx_10_9_universal2.whl", hash = "sha256:d517f1dffddb30d1a9d4c5109a46ffc37eb461720558a54d57586459014b2d0b"},
    {file = "pyobjc_core-8.0-cp37-cp37m-macosx_10_9_x86_64.whl", hash = "sha256:7e710f7329a7dbca27639c7ce60a50b2003d5492d55f66fec2ab8c375f134812"},
    {file = "pyobjc_core-8.0-cp38-cp38-macosx_10_9_x86_64.whl", hash = "sha256:0e1d2f3e1216e92428e0107a651b074d44f2856b98aac93fef5b27bfb4355232"},
    {file = "pyobjc_core-8.0-cp38-cp38-macosx_11_0_universal2.whl", hash = "sha256:d56c69d9267723326c9254e268838a5d67120c34e0667ef9c947c8336a755dec"},
    {file = "pyobjc_core-8.0-cp39-cp39-macosx_10_9_universal2.whl", hash = "sha256:e19d3fd51cc993e31f51e32f62463e81da79dbd22042e7a18cf6ee141db9d539"},
]
pyobjc-framework-applicationservices = [
    {file = "pyobjc-framework-ApplicationServices-8.0.tar.gz", hash = "sha256:c32957e71be430a3160bbc36cfa0d59f240fef1b1d52e026fec734f14cd01b45"},
    {file = "pyobjc_framework_ApplicationServices-8.0-cp310-cp310-macosx_10_9_universal2.whl", hash = "sha256:04b56b6df5b17d37d12043b52c91aa955d9e3ec1ddfccbb547bd9643796145c3"},
    {file = "pyobjc_framework_ApplicationServices-8.0-cp37-cp37m-macosx_10_9_x86_64.whl", hash = "sha256:df5292589071fd5a5ef3a70996bbfb139cd639adda8f2de479410544ff6887a7"},
    {file = "pyobjc_framework_ApplicationServices-8.0-cp38-cp38-macosx_10_9_x86_64.whl", hash = "sha256:15856461982af744caf3d76ce28eaa78d9089952e13a937302e45d00cfcc3972"},
    {file = "pyobjc_framework_ApplicationServices-8.0-cp38-cp38-macosx_11_0_universal2.whl", hash = "sha256:222035fb6520b4b4e7de13c9f5da1e512bb0e2f7f611d4115cb509bbfd4d58ba"},
    {file = "pyobjc_framework_ApplicationServices-8.0-cp39-cp39-macosx_10_9_universal2.whl", hash = "sha256:f15ba2d7357a283e5b7384600830bad1f664ffeaf402b490b084078c8cf9abc5"},
]
pyobjc-framework-cocoa = [
    {file = "pyobjc-framework-Cocoa-8.0.tar.gz", hash = "sha256:233fe4cf6ddd5804d76b68fac3f0601b78cc0c307703eb5f2dcb9a1ef62a7904"},
    {file = "pyobjc_framework_Cocoa-8.0-cp310-cp310-macosx_10_9_universal2.whl", hash = "sha256:f6b4e8708d574b26a72366f11b0a3afb59e6cd8569f6aabf42450ac39d69c115"},
    {file = "pyobjc_framework_Cocoa-8.0-cp37-cp37m-macosx_10_9_x86_64.whl", hash = "sha256:49ceaae8bf993b42e6afa1a91aa6fda44628ac8944b5a631fdc844b9b8da4b27"},
    {file = "pyobjc_framework_Cocoa-8.0-cp38-cp38-macosx_10_9_x86_64.whl", hash = "sha256:4fd7b0627681841c12a47e77fd06ec518b41f0037e12cd1d1e035de5d2b4a333"},
    {file = "pyobjc_framework_Cocoa-8.0-cp38-cp38-macosx_11_0_universal2.whl", hash = "sha256:fab76fd835228c37280fdf4db71b740c3c8a60a0a304373c9a162134fba58fd3"},
    {file = "pyobjc_framework_Cocoa-8.0-cp39-cp39-macosx_10_9_universal2.whl", hash = "sha256:0766f4adbfca41815529c639da1e4c9959bed86c961956c564f3163dc3e56c74"},
]
pyobjc-framework-quartz = [
    {file = "pyobjc-framework-Quartz-8.0.tar.gz", hash = "sha256:2cf781f38f961d2125a78b575ae62f9d99a5489ef4a9eadc0e89156b1961c5dd"},
    {file = "pyobjc_framework_Quartz-8.0-cp310-cp310-macosx_10_9_universal2.whl", hash = "sha256:8020ff38015ea7ce24251cfa97afcc8a4d0c0e50e394068eb0884759f4773d5e"},
    {file = "pyobjc_framework_Quartz-8.0-cp37-cp37m-macosx_10_9_x86_64.whl", hash = "sha256:230cff5c6604b683d19abb2675a5836ff41157ed01b43d5482cb5b0059c842b4"},
    {file = "pyobjc_framework_Quartz-8.0-cp38-cp38-macosx_10_9_x86_64.whl", hash = "sha256:9f57256de3afb8d0cbd62f91b9cae949d3d1fddd13eb49b1b651bd7eba5ca84e"},
    {file = "pyobjc_framework_Quartz-8.0-cp38-cp38-macosx_11_0_universal2.whl", hash = "sha256:0cca400017a61b0aa815144c7f38bbe4753d8ffb4b2610fec7aae63cf8438d32"},
    {file = "pyobjc_framework_Quartz-8.0-cp39-cp39-macosx_10_9_universal2.whl", hash = "sha256:e57960339c346b7fb080938774164d8b7cb65332e0af61e7461ea6035c5a2598"},
]
python-xlib = [
    {file = "python-xlib-0.31.tar.gz", hash = "sha256:74d83a081f532bc07f6d7afcd6416ec38403d68f68b9b9dc9e1f28fbf2d799e9"},
    {file = "python_xlib-0.31-py2.py3-none-any.whl", hash = "sha256:1ec6ce0de73d9e6592ead666779a5732b384e5b8fb1f1886bd0a81cafa477759"},
]
six = [
    {file = "six-1.16.0-py2.py3-none-any.whl", hash = "sha256:8abb2f1d86890a2dfb989f9a77cfcfd3e47c2a354b01111771326f8aa26e0254"},
    {file = "six-1.16.0.tar.gz", hash = "sha256:1e61c37477a1626458e36f7b1d82aa5c9b094fa4802892072e49de9c60c4c926"},
]
